
Microsoft Visual Studio Solution File, Format Version 12.00
# Visual Studio 15
VisualStudioVersion = 15.0.28307.489
MinimumVisualStudioVersion = 10.0.40219.1
Project("{F184B08F-C81C-45F6-A57F-5ABD9991F28F}") = "Projet", "Projet\Projet.vbproj", "{6C419AE7-BDEC-4442-9AED-62FC56CECAAE}"
EndProject
Global
	GlobalSection(SolutionConfigurationPlatforms) = preSolution
		Debug|Any CPU = Debug|Any CPU
		Release|Any CPU = Release|Any CPU
	EndGlobalSection
	GlobalSection(ProjectConfigurationPlatforms) = postSolution
		{6C419AE7-BDEC-4442-9AED-62FC56CECAAE}.Debug|Any CPU.ActiveCfg = Debug|Any CPU
		{6C419AE7-BDEC-4442-9AED-62FC56CECAAE}.Debug|Any CPU.Build.0 = Debug|Any CPU
		{6C419AE7-BDEC-4442-9AED-62FC56CECAAE}.Release|Any CPU.ActiveCfg = Release|Any CPU
		{6C419AE7-BDEC-4442-9AED-62FC56CECAAE}.Release|Any CPU.Build.0 = Release|Any CPU
	EndGlobalSection
	GlobalSection(SolutionProperties) = preSolution
		HideSolutionNode = FALSE
	EndGlobalSection
	GlobalSection(ExtensibilityGlobals) = postSolution
		SolutionGuid = {65471B0A-86AC-4112-AF75-F21FE99D5F2C}
	EndGlobalSection
EndGlobal
